
Microsoft Visual Studio Solution File, Format Version 12.00
# Visual Studio Version 16
VisualStudioVersion = 16.0.32901.82
MinimumVisualStudioVersion = 10.0.40219.1
Project("{9A19103F-16F7-4668-BE54-9A1E7A4F7556}") = "HauntedLocation", "HauntedLocation.Solution\HauntedLocation.csproj", "{D0FE4AB1-10DC-47F5-B080-C6DFE66A0D6E}"
EndProject
Project("{2150E333-8FDC-42A3-9474-1A3956D46DE8}") = "Solution Items", "Solution Items", "{A6F66D16-83AF-4B30-8C31-08F69B934044}"
	ProjectSection(SolutionItems) = preProject
		README.md = README.md
	EndProjectSection
EndProject
Global
	GlobalSection(SolutionConfigurationPlatforms) = preSolution
		Debug|Any CPU = Debug|Any CPU
		Release|Any CPU = Release|Any CPU
	EndGlobalSection
	GlobalSection(ProjectConfigurationPlatforms) = postSolution
		{D0FE4AB1-10DC-47F5-B080-C6DFE66A0D6E}.Debug|Any CPU.ActiveCfg = Debug|Any CPU
		{D0FE4AB1-10DC-47F5-B080-C6DFE66A0D6E}.Debug|Any CPU.Build.0 = Debug|Any CPU
		{D0FE4AB1-10DC-47F5-B080-C6DFE66A0D6E}.Release|Any CPU.ActiveCfg = Release|Any CPU
		{D0FE4AB1-10DC-47F5-B080-C6DFE66A0D6E}.Release|Any CPU.Build.0 = Release|Any CPU
	EndGlobalSection
	GlobalSection(SolutionProperties) = preSolution
		HideSolutionNode = FALSE
	EndGlobalSection
	GlobalSection(ExtensibilityGlobals) = postSolution
		SolutionGuid = {7F8471B0-B37E-44AB-8FE7-45D4B7A517B7}
	EndGlobalSection
EndGlobal
